{
  "name": "rolemodel-print-css",
  "version": "1.0.0",
  "lockfileVersion": 3,
  "requires": true,
  "packages": {
    "": {
      "name": "rolemodel-print-css",
      "version": "1.0.0",
      "license": "MIT",
      "dependencies": {
        "printed": "^0.18.6"
      }
    },
    "node_modules/printed": {
      "version": "0.18.6",
      "resolved": "https://registry.npmjs.org/printed/-/printed-0.18.6.tgz",
      "integrity": "sha512-zWiGLHKuC57oR/8QfouzS5zQKNLq1CZtJN58t5gp/XCR9in5VcvjBSHZigz6uvuSpc9byVlolw/eMRyyfDXqeQ==",
      "license": "MIT"
    }
  }
}
